
Microsoft Visual Studio Solution File, Format Version 12.00
# Visual Studio Version 16
VisualStudioVersion = 16.0.30523.141
MinimumVisualStudioVersion = 10.0.40219.1
Project("{FAE04EC0-301F-11D3-BF4B-00C04F79EFBC}") = "SaltBot", "SaltBot.csproj", "{6224D51D-CA89-4927-861B-8716BEFF212E}"
EndProject
Global
	GlobalSection(SolutionConfigurationPlatforms) = preSolution
		Debug|Any CPU = Debug|Any CPU
		Release|Any CPU = Release|Any CPU
	EndGlobalSection
	GlobalSection(ProjectConfigurationPlatforms) = postSolution
		{6224D51D-CA89-4927-861B-8716BEFF212E}.Debug|Any CPU.ActiveCfg = Debug|Any CPU
		{6224D51D-CA89-4927-861B-8716BEFF212E}.Debug|Any CPU.Build.0 = Debug|Any CPU
		{6224D51D-CA89-4927-861B-8716BEFF212E}.Release|Any CPU.ActiveCfg = Release|Any CPU
		{6224D51D-CA89-4927-861B-8716BEFF212E}.Release|Any CPU.Build.0 = Release|Any CPU
	EndGlobalSection
	GlobalSection(SolutionProperties) = preSolution
		HideSolutionNode = FALSE
	EndGlobalSection
	GlobalSection(ExtensibilityGlobals) = postSolution
		SolutionGuid = {72E3141A-9A94-4399-B208-330EB7280B0F}
	EndGlobalSection
EndGlobal
